{
  "nodes": {
    "nixpkgs": {
      "locked": {
        "lastModified": 1784796856,
        "narHash": "sha256-wWFrV5/Qbm+lyt5x20E/bSbfJiGKMo4RCxZV8cl/WZI=",
        "owner": "NixOS",
        "repo": "nixpkgs",
        "rev": "e2587caef70cea85dd97d7daab492899902dbf5d",
        "type": "github"
      },
      "original": {
        "owner": "NixOS",
        "ref": "nixos-unstable",
        "repo": "nixpkgs",
        "type": "github"
      }
    },
    "root": {
      "inputs": {
        "nixpkgs": "nixpkgs",
        "wnv-src": "wnv-src"
      }
    },
    "wnv-src": {
      "flake": false,
      "locked": {
        "lastModified": 1784896711,
        "narHash": "sha256-D1qG0+t9+6bdIEGZw6LaiIsU3yzASwY/VF0U2PM1Pcw=",
        "owner": "Shiro836",
        "repo": "waydroid-nvidia",
        "rev": "4239f9055d9ecee765cf6890227cf4d1d9f7b13e",
        "type": "github"
      },
      "original": {
        "owner": "Shiro836",
        "ref": "v0.1.2",
        "repo": "waydroid-nvidia",
        "type": "github"
      }
    }
  },
  "root": "root",
  "version": 7
}
